// !$*UTF8*$!
{
	archiveVersion = 1;
	classes = {
	};
	objectVersion = 46;
	objects = {

/* Begin PBXBuildFile section */
		4C245397291C5C7DDA63357A /* Pods_OYWorkGit.framework in Frameworks */ = {isa = PBXBuildFile; fileRef = 85AB464C91A01590BE89BC7B /* Pods_OYWorkGit.framework */; };
		E61E40581D8EA571005DCF5D /* Row8ViewController.m in Sources */ = {isa = PBXBuildFile; fileRef = E61E40571D8EA571005DCF5D /* Row8ViewController.m */; };
		E61E405B1D8EA6A2005DCF5D /* OY_PopTableView.m in Sources */ = {isa = PBXBuildFile; fileRef = E61E405A1D8EA6A2005DCF5D /* OY_PopTableView.m */; };
		E6210CAB1D866B9E0093834D /* main.m in Sources */ = {isa = PBXBuildFile; fileRef = E6210CAA1D866B9E0093834D /* main.m */; };
		E6210CB11D866B9E0093834D /* ViewController.m in Sources */ = {isa = PBXBuildFile; fileRef = E6210CB01D866B9E0093834D /* ViewController.m */; };
		E6210CB41D866B9E0093834D /* Main.storyboard in Resources */ = {isa = PBXBuildFile; fileRef = E6210CB21D866B9E0093834D /* Main.storyboard */; };
		E6210CB71D866B9E0093834D /* OYWorkGit.xcdatamodeld in Sources */ = {isa = PBXBuildFile; fileRef = E6210CB51D866B9E0093834D /* OYWorkGit.xcdatamodeld */; };
		E6210CBC1D866B9E0093834D /* LaunchScreen.storyboard in Resources */ = {isa = PBXBuildFile; fileRef = E6210CBA1D866B9E0093834D /* LaunchScreen.storyboard */; };
		E6210CC71D866B9E0093834D /* OYWorkGitTests.m in Sources */ = {isa = PBXBuildFile; fileRef = E6210CC61D866B9E0093834D /* OYWorkGitTests.m */; };
		E6210CD21D866B9E0093834D /* OYWorkGitUITests.m in Sources */ = {isa = PBXBuildFile; fileRef = E6210CD11D866B9E0093834D /* OYWorkGitUITests.m */; };
		E6210D181D867F800093834D /* LaunchScreen.storyboard in Resources */ = {isa = PBXBuildFile; fileRef = E6210CE31D867F800093834D /* LaunchScreen.storyboard */; };
		E6210D191D867F800093834D /* Main.storyboard in Resources */ = {isa = PBXBuildFile; fileRef = E6210CE51D867F800093834D /* Main.storyboard */; };
		E6210D1A1D867F800093834D /* AppDelegate.m in Sources */ = {isa = PBXBuildFile; fileRef = E6210CE91D867F800093834D /* AppDelegate.m */; };
		E6210D1B1D867F800093834D /* OY_ParentsController.m in Sources */ = {isa = PBXBuildFile; fileRef = E6210CEB1D867F800093834D /* OY_ParentsController.m */; };
		E6210D1C1D867F800093834D /* OY_ParentsNaviController.m in Sources */ = {isa = PBXBuildFile; fileRef = E6210CED1D867F800093834D /* OY_ParentsNaviController.m */; };
		E6210D1D1D867F800093834D /* NSMutableAttributedString+OYAttributedStrig.m in Sources */ = {isa = PBXBuildFile; fileRef = E6210CF01D867F800093834D /* NSMutableAttributedString+OYAttributedStrig.m */; };
		E6210D1E1D867F800093834D /* NSString+OYString.m in Sources */ = {isa = PBXBuildFile; fileRef = E6210CF21D867F800093834D /* NSString+OYString.m */; };
		E6210D2B1D867F800093834D /* Row1ViewController.m in Sources */ = {isa = PBXBuildFile; fileRef = E6210D0D1D867F800093834D /* Row1ViewController.m */; };
		E6210D2C1D867F800093834D /* Row2ViewController.m in Sources */ = {isa = PBXBuildFile; fileRef = E6210D0F1D867F800093834D /* Row2ViewController.m */; };
		E6210D2D1D867F800093834D /* Row3ViewController.m in Sources */ = {isa = PBXBuildFile; fileRef = E6210D111D867F800093834D /* Row3ViewController.m */; };
		E6210D2E1D867F800093834D /* Row4ViewController.m in Sources */ = {isa = PBXBuildFile; fileRef = E6210D131D867F800093834D /* Row4ViewController.m */; };
		E6210D2F1D867F800093834D /* Row5ViewController.m in Sources */ = {isa = PBXBuildFile; fileRef = E6210D151D867F800093834D /* Row5ViewController.m */; };
		E6210D301D867F800093834D /* Row6ViewController.m in Sources */ = {isa = PBXBuildFile; fileRef = E6210D171D867F800093834D /* Row6ViewController.m */; };
		E63F6FB11D8FA256005AA665 /* Assets.xcassets in Resources */ = {isa = PBXBuildFile; fileRef = E63F6FB01D8FA256005AA665 /* Assets.xcassets */; };
		E6D6482F1D8811000031D4AE /* Row7ViewController.m in Sources */ = {isa = PBXBuildFile; fileRef = E6D6482E1D8811000031D4AE /* Row7ViewController.m */; };
		E6D648371D8813090031D4AE /* OY_ActionStopButton.m in Sources */ = {isa = PBXBuildFile; fileRef = E6D648361D8813090031D4AE /* OY_ActionStopButton.m */; };
/* End PBXBuildFile section */

/* Begin PBXContainerItemProxy section */
		E6210CC31D866B9E0093834D /* PBXContainerItemProxy */ = {
			isa = PBXContainerItemProxy;
			containerPortal = E6210C9E1D866B9E0093834D /* Project object */;
			proxyType = 1;
			remoteGlobalIDString = E6210CA51D866B9E0093834D;
			remoteInfo = OYWorkGit;
		};
		E6210CCE1D866B9E0093834D /* PBXContainerItemProxy */ = {
			isa = PBXContainerItemProxy;
			containerPortal = E6210C9E1D866B9E0093834D /* Project object */;
			proxyType = 1;
			remoteGlobalIDString = E6210CA51D866B9E0093834D;
			remoteInfo = OYWorkGit;
		};
/* End PBXContainerItemProxy section */

/* Begin PBXFileReference section */
		3FEC9358A8D1735BE07BD387 /* Pods-OYWorkGit.debug.xcconfig */ = {isa = PBXFileReference; includeInIndex = 1; lastKnownFileType = text.xcconfig; name = "Pods-OYWorkGit.debug.xcconfig"; path = "Pods/Target Support Files/Pods-OYWorkGit/Pods-OYWorkGit.debug.xcconfig"; sourceTree = "<group>"; };
		85AB464C91A01590BE89BC7B /* Pods_OYWorkGit.framework */ = {isa = PBXFileReference; explicitFileType = wrapper.framework; includeInIndex = 0; path = Pods_OYWorkGit.framework; sourceTree = BUILT_PRODUCTS_DIR; };
		91ADFBDABC5664357D54217C /* Pods-OYWorkGit.release.xcconfig */ = {isa = PBXFileReference; includeInIndex = 1; lastKnownFileType = text.xcconfig; name = "Pods-OYWorkGit.release.xcconfig"; path = "Pods/Target Support Files/Pods-OYWorkGit/Pods-OYWorkGit.release.xcconfig"; sourceTree = "<group>"; };
		E61E40561D8EA571005DCF5D /* Row8ViewController.h */ = {isa = PBXFileReference; fileEncoding = 4; lastKnownFileType = sourcecode.c.h; path = Row8ViewController.h; sourceTree = "<group>"; };
		E61E40571D8EA571005DCF5D /* Row8ViewController.m */ = {isa = PBXFileReference; fileEncoding = 4; lastKnownFileType = sourcecode.c.objc; path = Row8ViewController.m; sourceTree = "<group>"; };
		E61E40591D8EA6A2005DCF5D /* OY_PopTableView.h */ = {isa = PBXFileReference; fileEncoding = 4; lastKnownFileType = sourcecode.c.h; path = OY_PopTableView.h; sourceTree = "<group>"; };
		E61E405A1D8EA6A2005DCF5D /* OY_PopTableView.m */ = {isa = PBXFileReference; fileEncoding = 4; lastKnownFileType = sourcecode.c.objc; path = OY_PopTableView.m; sourceTree = "<group>"; };
		E6210CA61D866B9E0093834D /* OYWorkGit.app */ = {isa = PBXFileReference; explicitFileType = wrapper.application; includeInIndex = 0; path = OYWorkGit.app; sourceTree = BUILT_PRODUCTS_DIR; };
		E6210CAA1D866B9E0093834D /* main.m */ = {isa = PBXFileReference; lastKnownFileType = sourcecode.c.objc; path = main.m; sourceTree = "<group>"; };
		E6210CAF1D866B9E0093834D /* ViewController.h */ = {isa = PBXFileReference; lastKnownFileType = sourcecode.c.h; path = ViewController.h; sourceTree = "<group>"; };
		E6210CB01D866B9E0093834D /* ViewController.m */ = {isa = PBXFileReference; lastKnownFileType = sourcecode.c.objc; path = ViewController.m; sourceTree = "<group>"; };
		E6210CB31D866B9E0093834D /* Base */ = {isa = PBXFileReference; lastKnownFileType = file.storyboard; name = Base; path = Base.lproj/Main.storyboard; sourceTree = "<group>"; };
		E6210CB61D866B9E0093834D /* OYWorkGit.xcdatamodel */ = {isa = PBXFileReference; lastKnownFileType = wrapper.xcdatamodel; path = OYWorkGit.xcdatamodel; sourceTree = "<group>"; };
		E6210CBB1D866B9E0093834D /* Base */ = {isa = PBXFileReference; lastKnownFileType = file.storyboard; name = Base; path = Base.lproj/LaunchScreen.storyboard; sourceTree = "<group>"; };
		E6210CBD1D866B9E0093834D /* Info.plist */ = {isa = PBXFileReference; lastKnownFileType = text.plist.xml; path = Info.plist; sourceTree = "<group>"; };
		E6210CC21D866B9E0093834D /* OYWorkGitTests.xctest */ = {isa = PBXFileReference; explicitFileType = wrapper.cfbundle; includeInIndex = 0; path = OYWorkGitTests.xctest; sourceTree = BUILT_PRODUCTS_DIR; };
		E6210CC61D866B9E0093834D /* OYWorkGitTests.m */ = {isa = PBXFileReference; lastKnownFileType = sourcecode.c.objc; path = OYWorkGitTests.m; sourceTree = "<group>"; };
		E6210CC81D866B9E0093834D /* Info.plist */ = {isa = PBXFileReference; lastKnownFileType = text.plist.xml; path = Info.plist; sourceTree = "<group>"; };
		E6210CCD1D866B9E0093834D /* OYWorkGitUITests.xctest */ = {isa = PBXFileReference; explicitFileType = wrapper.cfbundle; includeInIndex = 0; path = OYWorkGitUITests.xctest; sourceTree = BUILT_PRODUCTS_DIR; };
		E6210CD11D866B9E0093834D /* OYWorkGitUITests.m */ = {isa = PBXFileReference; lastKnownFileType = sourcecode.c.objc; path = OYWorkGitUITests.m; sourceTree = "<group>"; };
		E6210CD31D866B9E0093834D /* Info.plist */ = {isa = PBXFileReference; lastKnownFileType = text.plist.xml; path = Info.plist; sourceTree = "<group>"; };
		E6210CE41D867F800093834D /* Base */ = {isa = PBXFileReference; lastKnownFileType = file.storyboard; name = Base; path = LaunchScreen.storyboard; sourceTree = "<group>"; };
		E6210CE61D867F800093834D /* Base */ = {isa = PBXFileReference; lastKnownFileType = file.storyboard; name = Base; path = Main.storyboard; sourceTree = "<group>"; };
		E6210CE81D867F800093834D /* AppDelegate.h */ = {isa = PBXFileReference; fileEncoding = 4; lastKnownFileType = sourcecode.c.h; path = AppDelegate.h; sourceTree = "<group>"; };
		E6210CE91D867F800093834D /* AppDelegate.m */ = {isa = PBXFileReference; fileEncoding = 4; lastKnownFileType = sourcecode.c.objc; path = AppDelegate.m; sourceTree = "<group>"; };
		E6210CEA1D867F800093834D /* OY_ParentsController.h */ = {isa = PBXFileReference; fileEncoding = 4; lastKnownFileType = sourcecode.c.h; path = OY_ParentsController.h; sourceTree = "<group>"; };
		E6210CEB1D867F800093834D /* OY_ParentsController.m */ = {isa = PBXFileReference; fileEncoding = 4; lastKnownFileType = sourcecode.c.objc; path = OY_ParentsController.m; sourceTree = "<group>"; };
		E6210CEC1D867F800093834D /* OY_ParentsNaviController.h */ = {isa = PBXFileReference; fileEncoding = 4; lastKnownFileType = sourcecode.c.h; path = OY_ParentsNaviController.h; sourceTree = "<group>"; };
		E6210CED1D867F800093834D /* OY_ParentsNaviController.m */ = {isa = PBXFileReference; fileEncoding = 4; lastKnownFileType = sourcecode.c.objc; path = OY_ParentsNaviController.m; sourceTree = "<group>"; };
		E6210CEF1D867F800093834D /* NSMutableAttributedString+OYAttributedStrig.h */ = {isa = PBXFileReference; fileEncoding = 4; lastKnownFileType = sourcecode.c.h; path = "NSMutableAttributedString+OYAttributedStrig.h"; sourceTree = "<group>"; };
		E6210CF01D867F800093834D /* NSMutableAttributedString+OYAttributedStrig.m */ = {isa = PBXFileReference; fileEncoding = 4; lastKnownFileType = sourcecode.c.objc; path = "NSMutableAttributedString+OYAttributedStrig.m"; sourceTree = "<group>"; };
		E6210CF11D867F800093834D /* NSString+OYString.h */ = {isa = PBXFileReference; fileEncoding = 4; lastKnownFileType = sourcecode.c.h; path = "NSString+OYString.h"; sourceTree = "<group>"; };
		E6210CF21D867F800093834D /* NSString+OYString.m */ = {isa = PBXFileReference; fileEncoding = 4; lastKnownFileType = sourcecode.c.objc; path = "NSString+OYString.m"; sourceTree = "<group>"; };
		E6210D0C1D867F800093834D /* Row1ViewController.h */ = {isa = PBXFileReference; fileEncoding = 4; lastKnownFileType = sourcecode.c.h; path = Row1ViewController.h; sourceTree = "<group>"; };
		E6210D0D1D867F800093834D /* Row1ViewController.m */ = {isa = PBXFileReference; fileEncoding = 4; lastKnownFileType = sourcecode.c.objc; path = Row1ViewController.m; sourceTree = "<group>"; };
		E6210D0E1D867F800093834D /* Row2ViewController.h */ = {isa = PBXFileReference; fileEncoding = 4; lastKnownFileType = sourcecode.c.h; path = Row2ViewController.h; sourceTree = "<group>"; };
		E6210D0F1D867F800093834D /* Row2ViewController.m */ = {isa = PBXFileReference; fileEncoding = 4; lastKnownFileType = sourcecode.c.objc; path = Row2ViewController.m; sourceTree = "<group>"; };
		E6210D101D867F800093834D /* Row3ViewController.h */ = {isa = PBXFileReference; fileEncoding = 4; lastKnownFileType = sourcecode.c.h; path = Row3ViewController.h; sourceTree = "<group>"; };
		E6210D111D867F800093834D /* Row3ViewController.m */ = {isa = PBXFileReference; fileEncoding = 4; lastKnownFileType = sourcecode.c.objc; path = Row3ViewController.m; sourceTree = "<group>"; };
		E6210D121D867F800093834D /* Row4ViewController.h */ = {isa = PBXFileReference; fileEncoding = 4; lastKnownFileType = sourcecode.c.h; path = Row4ViewController.h; sourceTree = "<group>"; };
		E6210D131D867F800093834D /* Row4ViewController.m */ = {isa = PBXFileReference; fileEncoding = 4; lastKnownFileType = sourcecode.c.objc; path = Row4ViewController.m; sourceTree = "<group>"; };
		E6210D141D867F800093834D /* Row5ViewController.h */ = {isa = PBXFileReference; fileEncoding = 4; lastKnownFileType = sourcecode.c.h; path = Row5ViewController.h; sourceTree = "<group>"; };
		E6210D151D867F800093834D /* Row5ViewController.m */ = {isa = PBXFileReference; fileEncoding = 4; lastKnownFileType = sourcecode.c.objc; path = Row5ViewController.m; sourceTree = "<group>"; };
		E6210D161D867F800093834D /* Row6ViewController.h */ = {isa = PBXFileReference; fileEncoding = 4; lastKnownFileType = sourcecode.c.h; path = Row6ViewController.h; sourceTree = "<group>"; };
		E6210D171D867F800093834D /* Row6ViewController.m */ = {isa = PBXFileReference; fileEncoding = 4; lastKnownFileType = sourcecode.c.objc; path = Row6ViewController.m; sourceTree = "<group>"; };
		E63F6FB01D8FA256005AA665 /* Assets.xcassets */ = {isa = PBXFileReference; lastKnownFileType = folder.assetcatalog; name = Assets.xcassets; path = ../Assets.xcassets; sourceTree = "<group>"; };
		E6D6482D1D8811000031D4AE /* Row7ViewController.h */ = {isa = PBXFileReference; fileEncoding = 4; lastKnownFileType = sourcecode.c.h; path = Row7ViewController.h; sourceTree = "<group>"; };
		E6D6482E1D8811000031D4AE /* Row7ViewController.m */ = {isa = PBXFileReference; fileEncoding = 4; lastKnownFileType = sourcecode.c.objc; path = Row7ViewController.m; sourceTree = "<group>"; };
		E6D648351D8813090031D4AE /* OY_ActionStopButton.h */ = {isa = PBXFileReference; fileEncoding = 4; lastKnownFileType = sourcecode.c.h; path = OY_ActionStopButton.h; sourceTree = "<group>"; };
		E6D648361D8813090031D4AE /* OY_ActionStopButton.m */ = {isa = PBXFileReference; fileEncoding = 4; lastKnownFileType = sourcecode.c.objc; path = OY_ActionStopButton.m; sourceTree = "<group>"; };
/* End PBXFileReference section */

/* Begin PBXFrameworksBuildPhase section */
		E6210CA31D866B9E0093834D /* Frameworks */ = {
			isa = PBXFrameworksBuildPhase;
			buildActionMask = 2147483647;
			files = (
				4C245397291C5C7DDA63357A /* Pods_OYWorkGit.framework in Frameworks */,
			);
			runOnlyForDeploymentPostprocessing = 0;
		};
		E6210CBF1D866B9E0093834D /* Frameworks */ = {
			isa = PBXFrameworksBuildPhase;
			buildActionMask = 2147483647;
			files = (
			);
			runOnlyForDeploymentPostprocessing = 0;
		};
		E6210CCA1D866B9E0093834D /* Frameworks */ = {
			isa = PBXFrameworksBuildPhase;
			buildActionMask = 2147483647;
			files = (
			);
			runOnlyForDeploymentPostprocessing = 0;
		};
/* End PBXFrameworksBuildPhase section */

/* Begin PBXGroup section */
		9D3CBD03537729523B4CC728 /* Frameworks */ = {
			isa = PBXGroup;
			children = (
				85AB464C91A01590BE89BC7B /* Pods_OYWorkGit.framework */,
			);
			name = Frameworks;
			sourceTree = "<group>";
		};
		D726CA76AC741847786684B1 /* Pods */ = {
			isa = PBXGroup;
			children = (
				3FEC9358A8D1735BE07BD387 /* Pods-OYWorkGit.debug.xcconfig */,
				91ADFBDABC5664357D54217C /* Pods-OYWorkGit.release.xcconfig */,
			);
			name = Pods;
			sourceTree = "<group>";
		};
		E6210C9D1D866B9E0093834D = {
			isa = PBXGroup;
			children = (
				E6210CA81D866B9E0093834D /* OYWorkGit */,
				E6210CC51D866B9E0093834D /* OYWorkGitTests */,
				E6210CD01D866B9E0093834D /* OYWorkGitUITests */,
				E6210CA71D866B9E0093834D /* Products */,
				D726CA76AC741847786684B1 /* Pods */,
				9D3CBD03537729523B4CC728 /* Frameworks */,
			);
			sourceTree = "<group>";
		};
		E6210CA71D866B9E0093834D /* Products */ = {
			isa = PBXGroup;
			children = (
				E6210CA61D866B9E0093834D /* OYWorkGit.app */,
				E6210CC21D866B9E0093834D /* OYWorkGitTests.xctest */,
				E6210CCD1D866B9E0093834D /* OYWorkGitUITests.xctest */,
			);
			name = Products;
			sourceTree = "<group>";
		};
		E6210CA81D866B9E0093834D /* OYWorkGit */ = {
			isa = PBXGroup;
			children = (
				E63F6FB01D8FA256005AA665 /* Assets.xcassets */,
				E6210CE21D867F800093834D /* Base.lproj */,
				E6210CE71D867F800093834D /* BaseClass */,
				E6210CEE1D867F800093834D /* Category */,
				E6210CF31D867F800093834D /* FunctionClass */,
				E6210CAF1D866B9E0093834D /* ViewController.h */,
				E6210CB01D866B9E0093834D /* ViewController.m */,
				E6210CB21D866B9E0093834D /* Main.storyboard */,
				E6210CBA1D866B9E0093834D /* LaunchScreen.storyboard */,
				E6210CBD1D866B9E0093834D /* Info.plist */,
				E6210CB51D866B9E0093834D /* OYWorkGit.xcdatamodeld */,
				E6210CA91D866B9E0093834D /* Supporting Files */,
			);
			path = OYWorkGit;
			sourceTree = "<group>";
		};
		E6210CA91D866B9E0093834D /* Supporting Files */ = {
			isa = PBXGroup;
			children = (
				E6210CAA1D866B9E0093834D /* main.m */,
			);
			name = "Supporting Files";
			sourceTree = "<group>";
		};
		E6210CC51D866B9E0093834D /* OYWorkGitTests */ = {
			isa = PBXGroup;
			children = (
				E6210CC61D866B9E0093834D /* OYWorkGitTests.m */,
				E6210CC81D866B9E0093834D /* Info.plist */,
			);
			path = OYWorkGitTests;
			sourceTree = "<group>";
		};
		E6210CD01D866B9E0093834D /* OYWorkGitUITests */ = {
			isa = PBXGroup;
			children = (
				E6210CD11D866B9E0093834D /* OYWorkGitUITests.m */,
				E6210CD31D866B9E0093834D /* Info.plist */,
			);
			path = OYWorkGitUITests;
			sourceTree = "<group>";
		};
		E6210CE21D867F800093834D /* Base.lproj */ = {
			isa = PBXGroup;
			children = (
				E6210CE31D867F800093834D /* LaunchScreen.storyboard */,
				E6210CE51D867F800093834D /* Main.storyboard */,
			);
			path = Base.lproj;
			sourceTree = "<group>";
		};
		E6210CE71D867F800093834D /* BaseClass */ = {
			isa = PBXGroup;
			children = (
				E6210CE81D867F800093834D /* AppDelegate.h */,
				E6210CE91D867F800093834D /* AppDelegate.m */,
				E6210CEA1D867F800093834D /* OY_ParentsController.h */,
				E6210CEB1D867F800093834D /* OY_ParentsController.m */,
				E6210CEC1D867F800093834D /* OY_ParentsNaviController.h */,
				E6210CED1D867F800093834D /* OY_ParentsNaviController.m */,
			);
			path = BaseClass;
			sourceTree = "<group>";
		};
		E6210CEE1D867F800093834D /* Category */ = {
			isa = PBXGroup;
			children = (
				E6210CEF1D867F800093834D /* NSMutableAttributedString+OYAttributedStrig.h */,
				E6210CF01D867F800093834D /* NSMutableAttributedString+OYAttributedStrig.m */,
				E6210CF11D867F800093834D /* NSString+OYString.h */,
				E6210CF21D867F800093834D /* NSString+OYString.m */,
			);
			path = Category;
			sourceTree = "<group>";
		};
		E6210CF31D867F800093834D /* FunctionClass */ = {
			isa = PBXGroup;
			children = (
				E6D648311D8811320031D4AE /* View */,
				E6D648301D88111E0031D4AE /* ViewController */,
			);
			path = FunctionClass;
			sourceTree = "<group>";
		};
		E6D648301D88111E0031D4AE /* ViewController */ = {
			isa = PBXGroup;
			children = (
				E6210D0C1D867F800093834D /* Row1ViewController.h */,
				E6210D0D1D867F800093834D /* Row1ViewController.m */,
				E6210D0E1D867F800093834D /* Row2ViewController.h */,
				E6210D0F1D867F800093834D /* Row2ViewController.m */,
				E6210D101D867F800093834D /* Row3ViewController.h */,
				E6210D111D867F800093834D /* Row3ViewController.m */,
				E6210D121D867F800093834D /* Row4ViewController.h */,
				E6210D131D867F800093834D /* Row4ViewController.m */,
				E6210D141D867F800093834D /* Row5ViewController.h */,
				E6210D151D867F800093834D /* Row5ViewController.m */,
				E6210D161D867F800093834D /* Row6ViewController.h */,
				E6210D171D867F800093834D /* Row6ViewController.m */,
				E6D6482D1D8811000031D4AE /* Row7ViewController.h */,
				E6D6482E1D8811000031D4AE /* Row7ViewController.m */,
				E61E40561D8EA571005DCF5D /* Row8ViewController.h */,
				E61E40571D8EA571005DCF5D /* Row8ViewController.m */,
			);
			name = ViewController;
			sourceTree = "<group>";
		};
		E6D648311D8811320031D4AE /* View */ = {
			isa = PBXGroup;
			children = (
				E6D648351D8813090031D4AE /* OY_ActionStopButton.h */,
				E6D648361D8813090031D4AE /* OY_ActionStopButton.m */,
				E61E40591D8EA6A2005DCF5D /* OY_PopTableView.h */,
				E61E405A1D8EA6A2005DCF5D /* OY_PopTableView.m */,
			);
			name = View;
			sourceTree = "<group>";
		};
/* End PBXGroup section */

/* Begin PBXNativeTarget section */
		E6210CA51D866B9E0093834D /* OYWorkGit */ = {
			isa = PBXNativeTarget;
			buildConfigurationList = E6210CD61D866B9E0093834D /* Build configuration list for PBXNativeTarget "OYWorkGit" */;
			buildPhases = (
				F95EFEE9D3AC9EBEB865CCAD /* [CP] Check Pods Manifest.lock */,
				E6210CA21D866B9E0093834D /* Sources */,
				E6210CA31D866B9E0093834D /* Frameworks */,
				E6210CA41D866B9E0093834D /* Resources */,
				C2E189BAC996161775060EB3 /* [CP] Embed Pods Frameworks */,
				4001A770526ED97AC3703CEB /* [CP] Copy Pods Resources */,
			);
			buildRules = (
			);
			dependencies = (
			);
			name = OYWorkGit;
			productName = OYWorkGit;
			productReference = E6210CA61D866B9E0093834D /* OYWorkGit.app */;
			productType = "com.apple.product-type.application";
		};
		E6210CC11D866B9E0093834D /* OYWorkGitTests */ = {
			isa = PBXNativeTarget;
			buildConfigurationList = E6210CD91D866B9E0093834D /* Build configuration list for PBXNativeTarget "OYWorkGitTests" */;
			buildPhases = (
				E6210CBE1D866B9E0093834D /* Sources */,
				E6210CBF1D866B9E0093834D /* Frameworks */,
				E6210CC01D866B9E0093834D /* Resources */,
			);
			buildRules = (
			);
			dependencies = (
				E6210CC41D866B9E0093834D /* PBXTargetDependency */,
			);
			name = OYWorkGitTests;
			productName = OYWorkGitTests;
			productReference = E6210CC21D866B9E0093834D /* OYWorkGitTests.xctest */;
			productType = "com.apple.product-type.bundle.unit-test";
		};
		E6210CCC1D866B9E0093834D /* OYWorkGitUITests */ = {
			isa = PBXNativeTarget;
			buildConfigurationList = E6210CDC1D866B9E0093834D /* Build configuration list for PBXNativeTarget "OYWorkGitUITests" */;
			buildPhases = (
				E6210CC91D866B9E0093834D /* Sources */,
				E6210CCA1D866B9E0093834D /* Frameworks */,
				E6210CCB1D866B9E0093834D /* Resources */,
			);
			buildRules = (
			);
			dependencies = (
				E6210CCF1D866B9E0093834D /* PBXTargetDependency */,
			);
			name = OYWorkGitUITests;
			productName = OYWorkGitUITests;
			productReference = E6210CCD1D866B9E0093834D /* OYWorkGitUITests.xctest */;
			productType = "com.apple.product-type.bundle.ui-testing";
		};
/* End PBXNativeTarget section */

/* Begin PBXProject section */
		E6210C9E1D866B9E0093834D /* Project object */ = {
			isa = PBXProject;
			attributes = {
				LastUpgradeCheck = 0730;
				ORGANIZATIONNAME = Ouyang;
				TargetAttributes = {
					E6210CA51D866B9E0093834D = {
						CreatedOnToolsVersion = 7.3.1;
						DevelopmentTeam = 78TPHVCJDH;
					};
					E6210CC11D866B9E0093834D = {
						CreatedOnToolsVersion = 7.3.1;
						TestTargetID = E6210CA51D866B9E0093834D;
					};
					E6210CCC1D866B9E0093834D = {
						CreatedOnToolsVersion = 7.3.1;
						TestTargetID = E6210CA51D866B9E0093834D;
					};
				};
			};
			buildConfigurationList = E6210CA11D866B9E0093834D /* Build configuration list for PBXProject "OYWorkGit" */;
			compatibilityVersion = "Xcode 3.2";
			developmentRegion = English;
			hasScannedForEncodings = 0;
			knownRegions = (
				en,
				Base,
			);
			mainGroup = E6210C9D1D866B9E0093834D;
			productRefGroup = E6210CA71D866B9E0093834D /* Products */;
			projectDirPath = "";
			projectRoot = "";
			targets = (
				E6210CA51D866B9E0093834D /* OYWorkGit */,
				E6210CC11D866B9E0093834D /* OYWorkGitTests */,
				E6210CCC1D866B9E0093834D /* OYWorkGitUITests */,
			);
		};
/* End PBXProject section */

/* Begin PBXResourcesBuildPhase section */
		E6210CA41D866B9E0093834D /* Resources */ = {
			isa = PBXResourcesBuildPhase;
			buildActionMask = 2147483647;
			files = (
				E6210CBC1D866B9E0093834D /* LaunchScreen.storyboard in Resources */,
				E6210D191D867F800093834D /* Main.storyboard in Resources */,
				E6210D181D867F800093834D /* LaunchScreen.storyboard in Resources */,
				E6210CB41D866B9E0093834D /* Main.storyboard in Resources */,
				E63F6FB11D8FA256005AA665 /* Assets.xcassets in Resources */,
			);
			runOnlyForDeploymentPostprocessing = 0;
		};
		E6210CC01D866B9E0093834D /* Resources */ = {
			isa = PBXResourcesBuildPhase;
			buildActionMask = 2147483647;
			files = (
			);
			runOnlyForDeploymentPostprocessing = 0;
		};
		E6210CCB1D866B9E0093834D /* Resources */ = {
			isa = PBXResourcesBuildPhase;
			buildActionMask = 2147483647;
			files = (
			);
			runOnlyForDeploymentPostprocessing = 0;
		};
/* End PBXResourcesBuildPhase section */

/* Begin PBXShellScriptBuildPhase section */
		4001A770526ED97AC3703CEB /* [CP] Copy Pods Resources */ = {
			isa = PBXShellScriptBuildPhase;
			buildActionMask = 2147483647;
			files = (
			);
			inputPaths = (
			);
			name = "[CP] Copy Pods Resources";
			outputPaths = (
			);
			runOnlyForDeploymentPostprocessing = 0;
			shellPath = /bin/sh;
			shellScript = "\"${SRCROOT}/Pods/Target Support Files/Pods-OYWorkGit/Pods-OYWorkGit-resources.sh\"\n";
			showEnvVarsInLog = 0;
		};
		C2E189BAC996161775060EB3 /* [CP] Embed Pods Frameworks */ = {
			isa = PBXShellScriptBuildPhase;
			buildActionMask = 2147483647;
			files = (
			);
			inputPaths = (
			);
			name = "[CP] Embed Pods Frameworks";
			outputPaths = (
			);
			runOnlyForDeploymentPostprocessing = 0;
			shellPath = /bin/sh;
			shellScript = "\"${SRCROOT}/Pods/Target Support Files/Pods-OYWorkGit/Pods-OYWorkGit-frameworks.sh\"\n";
			showEnvVarsInLog = 0;
		};
		F95EFEE9D3AC9EBEB865CCAD /* [CP] Check Pods Manifest.lock */ = {
			isa = PBXShellScriptBuildPhase;
			buildActionMask = 2147483647;
			files = (
			);
			inputPaths = (
			);
			name = "[CP] Check Pods Manifest.lock";
			outputPaths = (
			);
			runOnlyForDeploymentPostprocessing = 0;
			shellPath = /bin/sh;
			shellScript = "diff \"${PODS_ROOT}/../Podfile.lock\" \"${PODS_ROOT}/Manifest.lock\" > /dev/null\nif [[ $? != 0 ]] ; then\n    cat << EOM\nerror: The sandbox is not in sync with the Podfile.lock. Run 'pod install' or update your CocoaPods installation.\nEOM\n    exit 1\nfi\n";
			showEnvVarsInLog = 0;
		};
/* End PBXShellScriptBuildPhase section */

/* Begin PBXSourcesBuildPhase section */
		E6210CA21D866B9E0093834D /* Sources */ = {
			isa = PBXSourcesBuildPhase;
			buildActionMask = 2147483647;
			files = (
				E6210D301D867F800093834D /* Row6ViewController.m in Sources */,
				E6210D2F1D867F800093834D /* Row5ViewController.m in Sources */,
				E6210D1E1D867F800093834D /* NSString+OYString.m in Sources */,
				E61E40581D8EA571005DCF5D /* Row8ViewController.m in Sources */,
				E6210D1A1D867F800093834D /* AppDelegate.m in Sources */,
				E6210CB11D866B9E0093834D /* ViewController.m in Sources */,
				E6210D2D1D867F800093834D /* Row3ViewController.m in Sources */,
				E6210CB71D866B9E0093834D /* OYWorkGit.xcdatamodeld in Sources */,
				E6D648371D8813090031D4AE /* OY_ActionStopButton.m in Sources */,
				E61E405B1D8EA6A2005DCF5D /* OY_PopTableView.m in Sources */,
				E6210D2C1D867F800093834D /* Row2ViewController.m in Sources */,
				E6210D2B1D867F800093834D /* Row1ViewController.m in Sources */,
				E6210D2E1D867F800093834D /* Row4ViewController.m in Sources */,
				E6210D1B1D867F800093834D /* OY_ParentsController.m in Sources */,
				E6210CAB1D866B9E0093834D /* main.m in Sources */,
				E6210D1C1D867F800093834D /* OY_ParentsNaviController.m in Sources */,
				E6D6482F1D8811000031D4AE /* Row7ViewController.m in Sources */,
				E6210D1D1D867F800093834D /* NSMutableAttributedString+OYAttributedStrig.m in Sources */,
			);
			runOnlyForDeploymentPostprocessing = 0;
		};
		E6210CBE1D866B9E0093834D /* Sources */ = {
			isa = PBXSourcesBuildPhase;
			buildActionMask = 2147483647;
			files = (
				E6210CC71D866B9E0093834D /* OYWorkGitTests.m in Sources */,
			);
			runOnlyForDeploymentPostprocessing = 0;
		};
		E6210CC91D866B9E0093834D /* Sources */ = {
			isa = PBXSourcesBuildPhase;
			buildActionMask = 2147483647;
			files = (
				E6210CD21D866B9E0093834D /* OYWorkGitUITests.m in Sources */,
			);
			runOnlyForDeploymentPostprocessing = 0;
		};
/* End PBXSourcesBuildPhase section */

/* Begin PBXTargetDependency section */
		E6210CC41D866B9E0093834D /* PBXTargetDependency */ = {
			isa = PBXTargetDependency;
			target = E6210CA51D866B9E0093834D /* OYWorkGit */;
			targetProxy = E6210CC31D866B9E0093834D /* PBXContainerItemProxy */;
		};
		E6210CCF1D866B9E0093834D /* PBXTargetDependency */ = {
			isa = PBXTargetDependency;
			target = E6210CA51D866B9E0093834D /* OYWorkGit */;
			targetProxy = E6210CCE1D866B9E0093834D /* PBXContainerItemProxy */;
		};
/* End PBXTargetDependency section */

/* Begin PBXVariantGroup section */
		E6210CB21D866B9E0093834D /* Main.storyboard */ = {
			isa = PBXVariantGroup;
			children = (
				E6210CB31D866B9E0093834D /* Base */,
			);
			name = Main.storyboard;
			sourceTree = "<group>";
		};
		E6210CBA1D866B9E0093834D /* LaunchScreen.storyboard */ = {
			isa = PBXVariantGroup;
			children = (
				E6210CBB1D866B9E0093834D /* Base */,
			);
			name = LaunchScreen.storyboard;
			sourceTree = "<group>";
		};
		E6210CE31D867F800093834D /* LaunchScreen.storyboard */ = {
			isa = PBXVariantGroup;
			children = (
				E6210CE41D867F800093834D /* Base */,
			);
			name = LaunchScreen.storyboard;
			sourceTree = "<group>";
		};
		E6210CE51D867F800093834D /* Main.storyboard */ = {
			isa = PBXVariantGroup;
			children = (
				E6210CE61D867F800093834D /* Base */,
			);
			name = Main.storyboard;
			sourceTree = "<group>";
		};
/* End PBXVariantGroup section */

/* Begin XCBuildConfiguration section */
		E6210CD41D866B9E0093834D /* Debug */ = {
			isa = XCBuildConfiguration;
			buildSettings = {
				ALWAYS_SEARCH_USER_PATHS = NO;
				CLANG_ANALYZER_NONNULL = YES;
				CLANG_CXX_LANGUAGE_STANDARD = "gnu++0x";
				CLANG_CXX_LIBRARY = "libc++";
				CLANG_ENABLE_MODULES = YES;
				CLANG_ENABLE_OBJC_ARC = YES;
				CLANG_WARN_BOOL_CONVERSION = YES;
				CLANG_WARN_CONSTANT_CONVERSION = YES;
				CLANG_WARN_DIRECT_OBJC_ISA_USAGE = YES_ERROR;
				CLANG_WARN_EMPTY_BODY = YES;
				CLANG_WARN_ENUM_CONVERSION = YES;
				CLANG_WARN_INT_CONVERSION = YES;
				CLANG_WARN_OBJC_ROOT_CLASS = YES_ERROR;
				CLANG_WARN_UNREACHABLE_CODE = YES;
				CLANG_WARN__DUPLICATE_METHOD_MATCH = YES;
				"CODE_SIGN_IDENTITY[sdk=iphoneos*]" = "iPhone Developer";
				COPY_PHASE_STRIP = NO;
				DEBUG_INFORMATION_FORMAT = dwarf;
				ENABLE_STRICT_OBJC_MSGSEND = YES;
				ENABLE_TESTABILITY = YES;
				GCC_C_LANGUAGE_STANDARD = gnu99;
				GCC_DYNAMIC_NO_PIC = NO;
				GCC_NO_COMMON_BLOCKS = YES;
				GCC_OPTIMIZATION_LEVEL = 0;
				GCC_PREPROCESSOR_DEFINITIONS = (
					"DEBUG=1",
					"$(inherited)",
				);
				GCC_WARN_64_TO_32_BIT_CONVERSION = YES;
				GCC_WARN_ABOUT_RETURN_TYPE = YES_ERROR;
				GCC_WARN_UNDECLARED_SELECTOR = YES;
				GCC_WARN_UNINITIALIZED_AUTOS = YES_AGGRESSIVE;
				GCC_WARN_UNUSED_FUNCTION = YES;
				GCC_WARN_UNUSED_VARIABLE = YES;
				IPHONEOS_DEPLOYMENT_TARGET = 9.3;
				MTL_ENABLE_DEBUG_INFO = YES;
				ONLY_ACTIVE_ARCH = YES;
				SDKROOT = iphoneos;
				TARGETED_DEVICE_FAMILY = "1,2";
			};
			name = Debug;
		};
		E6210CD51D866B9E0093834D /* Release */ = {
			isa = XCBuildConfiguration;
			buildSettings = {
				ALWAYS_SEARCH_USER_PATHS = NO;
				CLANG_ANALYZER_NONNULL = YES;
				CLANG_CXX_LANGUAGE_STANDARD = "gnu++0x";
				CLANG_CXX_LIBRARY = "libc++";
				CLANG_ENABLE_MODULES = YES;
				CLANG_ENABLE_OBJC_ARC = YES;
				CLANG_WARN_BOOL_CONVERSION = YES;
				CLANG_WARN_CONSTANT_CONVERSION = YES;
				CLANG_WARN_DIRECT_OBJC_ISA_USAGE = YES_ERROR;
				CLANG_WARN_EMPTY_BODY = YES;
				CLANG_WARN_ENUM_CONVERSION = YES;
				CLANG_WARN_INT_CONVERSION = YES;
				CLANG_WARN_OBJC_ROOT_CLASS = YES_ERROR;
				CLANG_WARN_UNREACHABLE_CODE = YES;
				CLANG_WARN__DUPLICATE_METHOD_MATCH = YES;
				"CODE_SIGN_IDENTITY[sdk=iphoneos*]" = "iPhone Developer";
				COPY_PHASE_STRIP = NO;
				DEBUG_INFORMATION_FORMAT = "dwarf-with-dsym";
				ENABLE_NS_ASSERTIONS = NO;
				ENABLE_STRICT_OBJC_MSGSEND = YES;
				GCC_C_LANGUAGE_STANDARD = gnu99;
				GCC_NO_COMMON_BLOCKS = YES;
				GCC_WARN_64_TO_32_BIT_CONVERSION = YES;
				GCC_WARN_ABOUT_RETURN_TYPE = YES_ERROR;
				GCC_WARN_UNDECLARED_SELECTOR = YES;
				GCC_WARN_UNINITIALIZED_AUTOS = YES_AGGRESSIVE;
				GCC_WARN_UNUSED_FUNCTION = YES;
				GCC_WARN_UNUSED_VARIABLE = YES;
				IPHONEOS_DEPLOYMENT_TARGET = 9.3;
				MTL_ENABLE_DEBUG_INFO = NO;
				SDKROOT = iphoneos;
				TARGETED_DEVICE_FAMILY = "1,2";
				VALIDATE_PRODUCT = YES;
			};
			name = Release;
		};
		E6210CD71D866B9E0093834D /* Debug */ = {
			isa = XCBuildConfiguration;
			baseConfigurationReference = 3FEC9358A8D1735BE07BD387 /* Pods-OYWorkGit.debug.xcconfig */;
			buildSettings = {
				ASSETCATALOG_COMPILER_APPICON_NAME = AppIcon;
				DEVELOPMENT_TEAM = 78TPHVCJDH;
				ENABLE_STRICT_OBJC_MSGSEND = NO;
				GCC_PREFIX_HEADER = "$(SRCROOT)/Pods/PrefixHeader.pch";
				INFOPLIST_FILE = OYWorkGit/Info.plist;
				IPHONEOS_DEPLOYMENT_TARGET = 9.0;
				LD_RUNPATH_SEARCH_PATHS = "$(inherited) @executable_path/Frameworks";
				PRODUCT_BUNDLE_IDENTIFIER = Gaojun.OYWorkGit;
				PRODUCT_NAME = "$(TARGET_NAME)";
			};
			name = Debug;
		};
		E6210CD81D866B9E0093834D /* Release */ = {
			isa = XCBuildConfiguration;
			baseConfigurationReference = 91ADFBDABC5664357D54217C /* Pods-OYWorkGit.release.xcconfig */;
			buildSettings = {
				ASSETCATALOG_COMPILER_APPICON_NAME = AppIcon;
				DEVELOPMENT_TEAM = 78TPHVCJDH;
				ENABLE_STRICT_OBJC_MSGSEND = NO;
				GCC_PREFIX_HEADER = "$(SRCROOT)/Pods/PrefixHeader.pch";
				INFOPLIST_FILE = OYWorkGit/Info.plist;
				IPHONEOS_DEPLOYMENT_TARGET = 9.0;
				LD_RUNPATH_SEARCH_PATHS = "$(inherited) @executable_path/Frameworks";
				PRODUCT_BUNDLE_IDENTIFIER = Gaojun.OYWorkGit;
				PRODUCT_NAME = "$(TARGET_NAME)";
			};
			name = Release;
		};
		E6210CDA1D866B9E0093834D /* Debug */ = {
			isa = XCBuildConfiguration;
			buildSettings = {
				BUNDLE_LOADER = "$(TEST_HOST)";
				INFOPLIST_FILE = OYWorkGitTests/Info.plist;
				LD_RUNPATH_SEARCH_PATHS = "$(inherited) @executable_path/Frameworks @loader_path/Frameworks";
				PRODUCT_BUNDLE_IDENTIFIER = Gaojun.OYWorkGitTests;
				PRODUCT_NAME = "$(TARGET_NAME)";
				TEST_HOST = "$(BUILT_PRODUCTS_DIR)/OYWorkGit.app/OYWorkGit";
			};
			name = Debug;
		};
		E6210CDB1D866B9E0093834D /* Release */ = {
			isa = XCBuildConfiguration;
			buildSettings = {
				BUNDLE_LOADER = "$(TEST_HOST)";
				INFOPLIST_FILE = OYWorkGitTests/Info.plist;
				LD_RUNPATH_SEARCH_PATHS = "$(inherited) @executable_path/Frameworks @loader_path/Frameworks";
				PRODUCT_BUNDLE_IDENTIFIER = Gaojun.OYWorkGitTests;
				PRODUCT_NAME = "$(TARGET_NAME)";
				TEST_HOST = "$(BUILT_PRODUCTS_DIR)/OYWorkGit.app/OYWorkGit";
			};
			name = Release;
		};
		E6210CDD1D866B9E0093834D /* Debug */ = {
			isa = XCBuildConfiguration;
			buildSettings = {
				INFOPLIST_FILE = OYWorkGitUITests/Info.plist;
				LD_RUNPATH_SEARCH_PATHS = "$(inherited) @executable_path/Frameworks @loader_path/Frameworks";
				PRODUCT_BUNDLE_IDENTIFIER = Gaojun.OYWorkGitUITests;
				PRODUCT_NAME = "$(TARGET_NAME)";
				TEST_TARGET_NAME = OYWorkGit;
			};
			name = Debug;
		};
		E6210CDE1D866B9E0093834D /* Release */ = {
			isa = XCBuildConfiguration;
			buildSettings = {
				INFOPLIST_FILE = OYWorkGitUITests/Info.plist;
				LD_RUNPATH_SEARCH_PATHS = "$(inherited) @executable_path/Frameworks @loader_path/Frameworks";
				PRODUCT_BUNDLE_IDENTIFIER = Gaojun.OYWorkGitUITests;
				PRODUCT_NAME = "$(TARGET_NAME)";
				TEST_TARGET_NAME = OYWorkGit;
			};
			name = Release;
		};
/* End XCBuildConfiguration section */

/* Begin XCConfigurationList section */
		E6210CA11D866B9E0093834D /* Build configuration list for PBXProject "OYWorkGit" */ = {
			isa = XCConfigurationList;
			buildConfigurations = (
				E6210CD41D866B9E0093834D /* Debug */,
				E6210CD51D866B9E0093834D /* Release */,
			);
			defaultConfigurationIsVisible = 0;
			defaultConfigurationName = Release;
		};
		E6210CD61D866B9E0093834D /* Build configuration list for PBXNativeTarget "OYWorkGit" */ = {
			isa = XCConfigurationList;
			buildConfigurations = (
				E6210CD71D866B9E0093834D /* Debug */,
				E6210CD81D866B9E0093834D /* Release */,
			);
			defaultConfigurationIsVisible = 0;
			defaultConfigurationName = Release;
		};
		E6210CD91D866B9E0093834D /* Build configuration list for PBXNativeTarget "OYWorkGitTests" */ = {
			isa = XCConfigurationList;
			buildConfigurations = (
				E6210CDA1D866B9E0093834D /* Debug */,
				E6210CDB1D866B9E0093834D /* Release */,
			);
			defaultConfigurationIsVisible = 0;
			defaultConfigurationName = Release;
		};
		E6210CDC1D866B9E0093834D /* Build configuration list for PBXNativeTarget "OYWorkGitUITests" */ = {
			isa = XCConfigurationList;
			buildConfigurations = (
				E6210CDD1D866B9E0093834D /* Debug */,
				E6210CDE1D866B9E0093834D /* Release */,
			);
			defaultConfigurationIsVisible = 0;
			defaultConfigurationName = Release;
		};
/* End XCConfigurationList section */

/* Begin XCVersionGroup section */
		E6210CB51D866B9E0093834D /* OYWorkGit.xcdatamodeld */ = {
			isa = XCVersionGroup;
			children = (
				E6210CB61D866B9E0093834D /* OYWorkGit.xcdatamodel */,
			);
			currentVersion = E6210CB61D866B9E0093834D /* OYWorkGit.xcdatamodel */;
			path = OYWorkGit.xcdatamodeld;
			sourceTree = "<group>";
			versionGroupType = wrapper.xcdatamodel;
		};
/* End XCVersionGroup section */
	};
	rootObject = E6210C9E1D866B9E0093834D /* Project object */;
}
